
Microsoft Visual Studio Solution File, Format Version 12.00
# Visual Studio Version 17
VisualStudioVersion = 17.5.33627.172
MinimumVisualStudioVersion = 10.0.40219.1
Project("{FAE04EC0-301F-11D3-BF4B-00C04F79EFBC}") = "CustomerAPICrud", "CustomerAPICrud\CustomerAPICrud.csproj", "{759B55C4-64A0-42E3-BFE1-82C0FEA5903C}"
EndProject
Global
	GlobalSection(SolutionConfigurationPlatforms) = preSolution
		Debug|Any CPU = Debug|Any CPU
		Release|Any CPU = Release|Any CPU
	EndGlobalSection
	GlobalSection(ProjectConfigurationPlatforms) = postSolution
		{759B55C4-64A0-42E3-BFE1-82C0FEA5903C}.Debug|Any CPU.ActiveCfg = Debug|Any CPU
		{759B55C4-64A0-42E3-BFE1-82C0FEA5903C}.Debug|Any CPU.Build.0 = Debug|Any CPU
		{759B55C4-64A0-42E3-BFE1-82C0FEA5903C}.Release|Any CPU.ActiveCfg = Release|Any CPU
		{759B55C4-64A0-42E3-BFE1-82C0FEA5903C}.Release|Any CPU.Build.0 = Release|Any CPU
	EndGlobalSection
	GlobalSection(SolutionProperties) = preSolution
		HideSolutionNode = FALSE
	EndGlobalSection
	GlobalSection(ExtensibilityGlobals) = postSolution
		SolutionGuid = {C05B8AEF-4C26-4BCF-A1E7-2D350E6875DF}
	EndGlobalSection
EndGlobal
